# Provenance for protos vendored from NVIDIA/OpenShell.
# Regenerate with: make proto-vendor TAG=<tag>
# Verified in CI by scripts/check-proto-drift.sh.
#
# sha256 values are of the PRISTINE upstream file content, i.e. the vendored
# copy with our provenance header stripped. The check script strips it the
# same way before hashing, so local edits to the body still fail the check.
repo = "https://github.com/NVIDIA/OpenShell"
ref = "v0.1.2"
commit = "6648bd0c290efbc41ba131ee9831ee45cd431f94"
vendored_at = "2026-09-28"
header_lines = 7

[[files]]
upstream_path = "proto/compute_driver.proto"
local_path = "proto/compute_driver.proto"
sha256 = "3f8b6dc2003d1c35623100daff3084de0fc7bad351babc953dabdeba2deb9a34"

[[files]]
upstream_path = "proto/options.proto"
local_path = "proto/options.proto"
sha256 = "10c8a99b505047f759951285fdae6068afd267ef672d00a65385a91ee8d027ee"

[[files]]
upstream_path = "proto/extension.proto"
local_path = "proto/extension.proto"
sha256 = "60f28ee9dc846d41152f4db7e82a439c78d024786efaceb464900d1d1ad129ad"

[[files]]
upstream_path = "proto/sandbox.proto"
local_path = "proto/sandbox.proto"
sha256 = "ed3d2650c8d1c4cbb653259c6055adba2dba8a51498ab6a1b2cfc339997ab2b9"

[[files]]
upstream_path = "proto/datamodel.proto"
local_path = "proto/datamodel.proto"
sha256 = "e50bd875a760f54b80269c65ee47984cae424fb623b7f59551ba62550c23e70b"
