# Provenance for protos vendored from NVIDIA/OpenShell.
# Regenerate with: make proto-vendor TAG=<tag>
# Verified in CI by scripts/check-proto-drift.sh.
#
# sha256 values are of the PRISTINE upstream file content, i.e. the vendored
# copy with our provenance header stripped. The check script strips it the
# same way before hashing, so local edits to the body still fail the check.
repo = "https://github.com/NVIDIA/OpenShell"
ref = "v0.0.106"
commit = "c4b500a7de64d0b66e3ee8098f58d14299092162"
vendored_at = "2026-08-17"
header_lines = 7

[[files]]
upstream_path = "proto/compute_driver.proto"
local_path = "proto/compute_driver.proto"
sha256 = "7f3ebea8117efdfe17f325184db7309c1565ff092c32cde7c33a18c5f5abc5a1"

[[files]]
upstream_path = "proto/options.proto"
local_path = "proto/options.proto"
sha256 = "10c8a99b505047f759951285fdae6068afd267ef672d00a65385a91ee8d027ee"
